// !$*UTF8*$!
{
	archiveVersion = 1;
	classes = {
	};
	objectVersion = 77;
	objects = {

/* Begin PBXContainerItemProxy section */
		06D07C762E13C0C500FD057C /* PBXContainerItemProxy */ = {
			isa = PBXContainerItemProxy;
			containerPortal = 06D07C572E13C0C300FD057C /* Project object */;
			proxyType = 1;
			remoteGlobalIDString = 06D07C5E2E13C0C300FD057C;
			remoteInfo = UserDemoApp;
		};
		06D07C802E13C0C500FD057C /* PBXContainerItemProxy */ = {
			isa = PBXContainerItemProxy;
			containerPortal = 06D07C572E13C0C300FD057C /* Project object */;
			proxyType = 1;
			remoteGlobalIDString = 06D07C5E2E13C0C300FD057C;
			remoteInfo = UserDemoApp;
		};
/* End PBXContainerItemProxy section */

/* Begin PBXFileReference section */
		06D07C5F2E13C0C300FD057C /* UserDemoApp.app */ = {isa = PBXFileReference; explicitFileType = wrapper.application; includeInIndex = 0; path = UserDemoApp.app; sourceTree = BUILT_PRODUCTS_DIR; };
		06D07C752E13C0C500FD057C /* UserDemoAppTests.xctest */ = {isa = PBXFileReference; explicitFileType = wrapper.cfbundle; includeInIndex = 0; path = UserDemoAppTests.xctest; sourceTree = BUILT_PRODUCTS_DIR; };
		06D07C7F2E13C0C500FD057C /* UserDemoAppUITests.xctest */ = {isa = PBXFileReference; explicitFileType = wrapper.cfbundle; includeInIndex = 0; path = UserDemoAppUITests.xctest; sourceTree = BUILT_PRODUCTS_DIR; };
/* End PBXFileReference section */

/* Begin PBXFileSystemSynchronizedBuildFileExceptionSet section */
		06D07C872E13C0C500FD057C /* Exceptions for "UserDemoApp" folder in "UserDemoApp" target */ = {
			isa = PBXFileSystemSynchronizedBuildFileExceptionSet;
			membershipExceptions = (
				Info.plist,
			);
			target = 06D07C5E2E13C0C300FD057C /* UserDemoApp */;
		};
/* End PBXFileSystemSynchronizedBuildFileExceptionSet section */

/* Begin PBXFileSystemSynchronizedRootGroup section */
		06D07C612E13C0C300FD057C /* UserDemoApp */ = {
			isa = PBXFileSystemSynchronizedRootGroup;
			exceptions = (
				06D07C872E13C0C500FD057C /* Exceptions for "UserDemoApp" folder in "UserDemoApp" target */,
			);
			path = UserDemoApp;
			sourceTree = "<group>";
		};
		06D07C782E13C0C500FD057C /* UserDemoAppTests */ = {
			isa = PBXFileSystemSynchronizedRootGroup;
			path = UserDemoAppTests;
			sourceTree = "<group>";
		};
		06D07C822E13C0C500FD057C /* UserDemoAppUITests */ = {
			isa = PBXFileSystemSynchronizedRootGroup;
			path = UserDemoAppUITests;
			sourceTree = "<group>";
		};
/* End PBXFileSystemSynchronizedRootGroup section */

/* Begin PBXFrameworksBuildPhase section */
		06D07C5C2E13C0C300FD057C /* Frameworks */ = {
			isa = PBXFrameworksBuildPhase;
			buildActionMask = 2147483647;
			files = (
			);
			runOnlyForDeploymentPostprocessing = 0;
		};
		06D07C722E13C0C500FD057C /* Frameworks */ = {
			isa = PBXFrameworksBuildPhase;
			buildActionMask = 2147483647;
			files = (
			);
			runOnlyForDeploymentPostprocessing = 0;
		};
		06D07C7C2E13C0C500FD057C /* Frameworks */ = {
			isa = PBXFrameworksBuildPhase;
			buildActionMask = 2147483647;
			files = (
			);
			runOnlyForDeploymentPostprocessing = 0;
		};
/* End PBXFrameworksBuildPhase section */

/* Begin PBXGroup section */
		06D07C562E13C0C300FD057C = {
			isa = PBXGroup;
			children = (
				06D07C612E13C0C300FD057C /* UserDemoApp */,
				06D07C782E13C0C500FD057C /* UserDemoAppTests */,
				06D07C822E13C0C500FD057C /* UserDemoAppUITests */,
				06D07C602E13C0C300FD057C /* Products */,
			);
			sourceTree = "<group>";
		};
		06D07C602E13C0C300FD057C /* Products */ = {
			isa = PBXGroup;
			children = (
				06D07C5F2E13C0C300FD057C /* UserDemoApp.app */,
				06D07C752E13C0C500FD057C /* UserDemoAppTests.xctest */,
				06D07C7F2E13C0C500FD057C /* UserDemoAppUITests.xctest */,
			);
			name = Products;
			sourceTree = "<group>";
		};
/* End PBXGroup section */

/* Begin PBXNativeTarget section */
		06D07C5E2E13C0C300FD057C /* UserDemoApp */ = {
			isa = PBXNativeTarget;
			buildConfigurationList = 06D07C882E13C0C500FD057C /* Build configuration list for PBXNativeTarget "UserDemoApp" */;
			buildPhases = (
				06D07C5B2E13C0C300FD057C /* Sources */,
				06D07C5C2E13C0C300FD057C /* Frameworks */,
				06D07C5D2E13C0C300FD057C /* Resources */,
			);
			buildRules = (
			);
			dependencies = (
			);
			fileSystemSynchronizedGroups = (
				06D07C612E13C0C300FD057C /* UserDemoApp */,
			);
			name = UserDemoApp;
			packageProductDependencies = (
			);
			productName = UserDemoApp;
			productReference = 06D07C5F2E13C0C300FD057C /* UserDemoApp.app */;
			productType = "com.apple.product-type.application";
		};
		06D07C742E13C0C500FD057C /* UserDemoAppTests */ = {
			isa = PBXNativeTarget;
			buildConfigurationList = 06D07C8D2E13C0C500FD057C /* Build configuration list for PBXNativeTarget "UserDemoAppTests" */;
			buildPhases = (
				06D07C712E13C0C500FD057C /* Sources */,
				06D07C722E13C0C500FD057C /* Frameworks */,
				06D07C732E13C0C500FD057C /* Resources */,
			);
			buildRules = (
			);
			dependencies = (
				06D07C772E13C0C500FD057C /* PBXTargetDependency */,
			);
			fileSystemSynchronizedGroups = (
				06D07C782E13C0C500FD057C /* UserDemoAppTests */,
			);
			name = UserDemoAppTests;
			packageProductDependencies = (
			);
			productName = UserDemoAppTests;
			productReference = 06D07C752E13C0C500FD057C /* UserDemoAppTests.xctest */;
			productType = "com.apple.product-type.bundle.unit-test";
		};
		06D07C7E2E13C0C500FD057C /* UserDemoAppUITests */ = {
			isa = PBXNativeTarget;
			buildConfigurationList = 06D07C902E13C0C500FD057C /* Build configuration list for PBXNativeTarget "UserDemoAppUITests" */;
			buildPhases = (
				06D07C7B2E13C0C500FD057C /* Sources */,
				06D07C7C2E13C0C500FD057C /* Frameworks */,
				06D07C7D2E13C0C500FD057C /* Resources */,
			);
			buildRules = (
			);
			dependencies = (
				06D07C812E13C0C500FD057C /* PBXTargetDependency */,
			);
			fileSystemSynchronizedGroups = (
				06D07C822E13C0C500FD057C /* UserDemoAppUITests */,
			);
			name = UserDemoAppUITests;
			packageProductDependencies = (
			);
			productName = UserDemoAppUITests;
			productReference = 06D07C7F2E13C0C500FD057C /* UserDemoAppUITests.xctest */;
			productType = "com.apple.product-type.bundle.ui-testing";
		};
/* End PBXNativeTarget section */

/* Begin PBXProject section */
		06D07C572E13C0C300FD057C /* Project object */ = {
			isa = PBXProject;
			attributes = {
				BuildIndependentTargetsInParallel = 1;
				LastSwiftUpdateCheck = 1600;
				LastUpgradeCheck = 1600;
				TargetAttributes = {
					06D07C5E2E13C0C300FD057C = {
						CreatedOnToolsVersion = 16.0;
					};
					06D07C742E13C0C500FD057C = {
						CreatedOnToolsVersion = 16.0;
						TestTargetID = 06D07C5E2E13C0C300FD057C;
					};
					06D07C7E2E13C0C500FD057C = {
						CreatedOnToolsVersion = 16.0;
						TestTargetID = 06D07C5E2E13C0C300FD057C;
					};
				};
			};
			buildConfigurationList = 06D07C5A2E13C0C300FD057C /* Build configuration list for PBXProject "UserDemoApp" */;
			developmentRegion = en;
			hasScannedForEncodings = 0;
			knownRegions = (
				en,
				Base,
			);
			mainGroup = 06D07C562E13C0C300FD057C;
			minimizedProjectReferenceProxies = 1;
			preferredProjectObjectVersion = 77;
			productRefGroup = 06D07C602E13C0C300FD057C /* Products */;
			projectDirPath = "";
			projectRoot = "";
			targets = (
				06D07C5E2E13C0C300FD057C /* UserDemoApp */,
				06D07C742E13C0C500FD057C /* UserDemoAppTests */,
				06D07C7E2E13C0C500FD057C /* UserDemoAppUITests */,
			);
		};
/* End PBXProject section */

/* Begin PBXResourcesBuildPhase section */
		06D07C5D2E13C0C300FD057C /* Resources */ = {
			isa = PBXResourcesBuildPhase;
			buildActionMask = 2147483647;
			files = (
			);
			runOnlyForDeploymentPostprocessing = 0;
		};
		06D07C732E13C0C500FD057C /* Resources */ = {
			isa = PBXResourcesBuildPhase;
			buildActionMask = 2147483647;
			files = (
			);
			runOnlyForDeploymentPostprocessing = 0;
		};
		06D07C7D2E13C0C500FD057C /* Resources */ = {
			isa = PBXResourcesBuildPhase;
			buildActionMask = 2147483647;
			files = (
			);
			runOnlyForDeploymentPostprocessing = 0;
		};
/* End PBXResourcesBuildPhase section */

/* Begin PBXSourcesBuildPhase section */
		06D07C5B2E13C0C300FD057C /* Sources */ = {
			isa = PBXSourcesBuildPhase;
			buildActionMask = 2147483647;
			files = (
			);
			runOnlyForDeploymentPostprocessing = 0;
		};
		06D07C712E13C0C500FD057C /* Sources */ = {
			isa = PBXSourcesBuildPhase;
			buildActionMask = 2147483647;
			files = (
			);
			runOnlyForDeploymentPostprocessing = 0;
		};
		06D07C7B2E13C0C500FD057C /* Sources */ = {
			isa = PBXSourcesBuildPhase;
			buildActionMask = 2147483647;
			files = (
			);
			runOnlyForDeploymentPostprocessing = 0;
		};
/* End PBXSourcesBuildPhase section */

/* Begin PBXTargetDependency section */
		06D07C772E13C0C500FD057C /* PBXTargetDependency */ = {
			isa = PBXTargetDependency;
			target = 06D07C5E2E13C0C300FD057C /* UserDemoApp */;
			targetProxy = 06D07C762E13C0C500FD057C /* PBXContainerItemProxy */;
		};
		06D07C812E13C0C500FD057C /* PBXTargetDependency */ = {
			isa = PBXTargetDependency;
			target = 06D07C5E2E13C0C300FD057C /* UserDemoApp */;
			targetProxy = 06D07C802E13C0C500FD057C /* PBXContainerItemProxy */;
		};
/* End PBXTargetDependency section */

/* Begin XCBuildConfiguration section */
		06D07C892E13C0C500FD057C /* Debug */ = {
			isa = XCBuildConfiguration;
			buildSettings = {
				ASSETCATALOG_COMPILER_APPICON_NAME = AppIcon;
				ASSETCATALOG_COMPILER_GLOBAL_ACCENT_COLOR_NAME = AccentColor;
				CODE_SIGN_STYLE = Automatic;
				CURRENT_PROJECT_VERSION = 1;
				DEVELOPMENT_TEAM = V6Z8HNQTJC;
				GENERATE_INFOPLIST_FILE = YES;
				INFOPLIST_FILE = UserDemoApp/Info.plist;
				INFOPLIST_KEY_UIApplicationSupportsIndirectInputEvents = YES;
				INFOPLIST_KEY_UILaunchStoryboardName = LaunchScreen;
				INFOPLIST_KEY_UIMainStoryboardFile = Main;
				INFOPLIST_KEY_UISupportedInterfaceOrientations_iPad = "UIInterfaceOrientationPortrait UIInterfaceOrientationPortraitUpsideDown UIInterfaceOrientationLandscapeLeft UIInterfaceOrientationLandscapeRight";
				INFOPLIST_KEY_UISupportedInterfaceOrientations_iPhone = "UIInterfaceOrientationPortrait UIInterfaceOrientationLandscapeLeft UIInterfaceOrientationLandscapeRight";
				IPHONEOS_DEPLOYMENT_TARGET = 15.6;
				LD_RUNPATH_SEARCH_PATHS = (
					"$(inherited)",
					"@executable_path/Frameworks",
				);
				MARKETING_VERSION = 1.0;
				PRODUCT_BUNDLE_IDENTIFIER = com.tcs.com.UserDemoApp;
				PRODUCT_NAME = "$(TARGET_NAME)";
				SWIFT_EMIT_LOC_STRINGS = YES;
				SWIFT_VERSION = 5.0;
				TARGETED_DEVICE_FAMILY = "1,2";
			};
			name = Debug;
		};
		06D07C8A2E13C0C500FD057C /* Release */ = {
			isa = XCBuildConfiguration;
			buildSettings = {
				ASSETCATALOG_COMPILER_APPICON_NAME = AppIcon;
				ASSETCATALOG_COMPILER_GLOBAL_ACCENT_COLOR_NAME = AccentColor;
				CODE_SIGN_STYLE = Automatic;
				CURRENT_PROJECT_VERSION = 1;
				DEVELOPMENT_TEAM = V6Z8HNQTJC;
				GENERATE_INFOPLIST_FILE = YES;
				INFOPLIST_FILE = UserDemoApp/Info.plist;
				INFOPLIST_KEY_UIApplicationSupportsIndirectInputEvents = YES;
				INFOPLIST_KEY_UILaunchStoryboardName = LaunchScreen;
				INFOPLIST_KEY_UIMainStoryboardFile = Main;
				INFOPLIST_KEY_UISupportedInterfaceOrientations_iPad = "UIInterfaceOrientationPortrait UIInterfaceOrientationPortraitUpsideDown UIInterfaceOrientationLandscapeLeft UIInterfaceOrientationLandscapeRight";
				INFOPLIST_KEY_UISupportedInterfaceOrientations_iPhone = "UIInterfaceOrientationPortrait UIInterfaceOrientationLandscapeLeft UIInterfaceOrientationLandscapeRight";
				IPHONEOS_DEPLOYMENT_TARGET = 15.6;
				LD_RUNPATH_SEARCH_PATHS = (
					"$(inherited)",
					"@executable_path/Frameworks",
				);
				MARKETING_VERSION = 1.0;
				PRODUCT_BUNDLE_IDENTIFIER = com.tcs.com.UserDemoApp;
				PRODUCT_NAME = "$(TARGET_NAME)";
				SWIFT_EMIT_LOC_STRINGS = YES;
				SWIFT_VERSION = 5.0;
				TARGETED_DEVICE_FAMILY = "1,2";
			};
			name = Release;
		};
		06D07C8B2E13C0C500FD057C /* Debug */ = {
			isa = XCBuildConfiguration;
			buildSettings = {
				ALWAYS_SEARCH_USER_PATHS = NO;
				ASSETCATALOG_COMPILER_GENERATE_SWIFT_ASSET_SYMBOL_EXTENSIONS = YES;
				CLANG_ANALYZER_NONNULL = YES;
				CLANG_ANALYZER_NUMBER_OBJECT_CONVERSION = YES_AGGRESSIVE;
				CLANG_CXX_LANGUAGE_STANDARD = "gnu++20";
				CLANG_ENABLE_MODULES = YES;
				CLANG_ENABLE_OBJC_ARC = YES;
				CLANG_ENABLE_OBJC_WEAK = YES;
				CLANG_WARN_BLOCK_CAPTURE_AUTORELEASING = YES;
				CLANG_WARN_BOOL_CONVERSION = YES;
				CLANG_WARN_COMMA = YES;
				CLANG_WARN_CONSTANT_CONVERSION = YES;
				CLANG_WARN_DEPRECATED_OBJC_IMPLEMENTATIONS = YES;
				CLANG_WARN_DIRECT_OBJC_ISA_USAGE = YES_ERROR;
				CLANG_WARN_DOCUMENTATION_COMMENTS = YES;
				CLANG_WARN_EMPTY_BODY = YES;
				CLANG_WARN_ENUM_CONVERSION = YES;
				CLANG_WARN_INFINITE_RECURSION = YES;
				CLANG_WARN_INT_CONVERSION = YES;
				CLANG_WARN_NON_LITERAL_NULL_CONVERSION = YES;
				CLANG_WARN_OBJC_IMPLICIT_RETAIN_SELF = YES;
				CLANG_WARN_OBJC_LITERAL_CONVERSION = YES;
				CLANG_WARN_OBJC_ROOT_CLASS = YES_ERROR;
				CLANG_WARN_QUOTED_INCLUDE_IN_FRAMEWORK_HEADER = YES;
				CLANG_WARN_RANGE_LOOP_ANALYSIS = YES;
				CLANG_WARN_STRICT_PROTOTYPES = YES;
				CLANG_WARN_SUSPICIOUS_MOVE = YES;
				CLANG_WARN_UNGUARDED_AVAILABILITY = YES_AGGRESSIVE;
				CLANG_WARN_UNREACHABLE_CODE = YES;
				CLANG_WARN__DUPLICATE_METHOD_MATCH = YES;
				COPY_PHASE_STRIP = NO;
				DEBUG_INFORMATION_FORMAT = dwarf;
				ENABLE_STRICT_OBJC_MSGSEND = YES;
				ENABLE_TESTABILITY = YES;
				ENABLE_USER_SCRIPT_SANDBOXING = YES;
				GCC_C_LANGUAGE_STANDARD = gnu17;
				GCC_DYNAMIC_NO_PIC = NO;
				GCC_NO_COMMON_BLOCKS = YES;
				GCC_OPTIMIZATION_LEVEL = 0;
				GCC_PREPROCESSOR_DEFINITIONS = (
					"DEBUG=1",
					"$(inherited)",
				);
				GCC_WARN_64_TO_32_BIT_CONVERSION = YES;
				GCC_WARN_ABOUT_RETURN_TYPE = YES_ERROR;
				GCC_WARN_UNDECLARED_SELECTOR = YES;
				GCC_WARN_UNINITIALIZED_AUTOS = YES_AGGRESSIVE;
				GCC_WARN_UNUSED_FUNCTION = YES;
				GCC_WARN_UNUSED_VARIABLE = YES;
				IPHONEOS_DEPLOYMENT_TARGET = 18.0;
				LOCALIZATION_PREFERS_STRING_CATALOGS = YES;
				MTL_ENABLE_DEBUG_INFO = INCLUDE_SOURCE;
				MTL_FAST_MATH = YES;
				ONLY_ACTIVE_ARCH = YES;
				SDKROOT = iphoneos;
				SWIFT_ACTIVE_COMPILATION_CONDITIONS = "DEBUG $(inherited)";
				SWIFT_OPTIMIZATION_LEVEL = "-Onone";
			};
			name = Debug;
		};
		06D07C8C2E13C0C500FD057C /* Release */ = {
			isa = XCBuildConfiguration;
			buildSettings = {
				ALWAYS_SEARCH_USER_PATHS = NO;
				ASSETCATALOG_COMPILER_GENERATE_SWIFT_ASSET_SYMBOL_EXTENSIONS = YES;
				CLANG_ANALYZER_NONNULL = YES;
				CLANG_ANALYZER_NUMBER_OBJECT_CONVERSION = YES_AGGRESSIVE;
				CLANG_CXX_LANGUAGE_STANDARD = "gnu++20";
				CLANG_ENABLE_MODULES = YES;
				CLANG_ENABLE_OBJC_ARC = YES;
				CLANG_ENABLE_OBJC_WEAK = YES;
				CLANG_WARN_BLOCK_CAPTURE_AUTORELEASING = YES;
				CLANG_WARN_BOOL_CONVERSION = YES;
				CLANG_WARN_COMMA = YES;
				CLANG_WARN_CONSTANT_CONVERSION = YES;
				CLANG_WARN_DEPRECATED_OBJC_IMPLEMENTATIONS = YES;
				CLANG_WARN_DIRECT_OBJC_ISA_USAGE = YES_ERROR;
				CLANG_WARN_DOCUMENTATION_COMMENTS = YES;
				CLANG_WARN_EMPTY_BODY = YES;
				CLANG_WARN_ENUM_CONVERSION = YES;
				CLANG_WARN_INFINITE_RECURSION = YES;
				CLANG_WARN_INT_CONVERSION = YES;
				CLANG_WARN_NON_LITERAL_NULL_CONVERSION = YES;
				CLANG_WARN_OBJC_IMPLICIT_RETAIN_SELF = YES;
				CLANG_WARN_OBJC_LITERAL_CONVERSION = YES;
				CLANG_WARN_OBJC_ROOT_CLASS = YES_ERROR;
				CLANG_WARN_QUOTED_INCLUDE_IN_FRAMEWORK_HEADER = YES;
				CLANG_WARN_RANGE_LOOP_ANALYSIS = YES;
				CLANG_WARN_STRICT_PROTOTYPES = YES;
				CLANG_WARN_SUSPICIOUS_MOVE = YES;
				CLANG_WARN_UNGUARDED_AVAILABILITY = YES_AGGRESSIVE;
				CLANG_WARN_UNREACHABLE_CODE = YES;
				CLANG_WARN__DUPLICATE_METHOD_MATCH = YES;
				COPY_PHASE_STRIP = NO;
				DEBUG_INFORMATION_FORMAT = "dwarf-with-dsym";
				ENABLE_NS_ASSERTIONS = NO;
				ENABLE_STRICT_OBJC_MSGSEND = YES;
				ENABLE_USER_SCRIPT_SANDBOXING = YES;
				GCC_C_LANGUAGE_STANDARD = gnu17;
				GCC_NO_COMMON_BLOCKS = YES;
				GCC_WARN_64_TO_32_BIT_CONVERSION = YES;
				GCC_WARN_ABOUT_RETURN_TYPE = YES_ERROR;
				GCC_WARN_UNDECLARED_SELECTOR = YES;
				GCC_WARN_UNINITIALIZED_AUTOS = YES_AGGRESSIVE;
				GCC_WARN_UNUSED_FUNCTION = YES;
				GCC_WARN_UNUSED_VARIABLE = YES;
				IPHONEOS_DEPLOYMENT_TARGET = 18.0;
				LOCALIZATION_PREFERS_STRING_CATALOGS = YES;
				MTL_ENABLE_DEBUG_INFO = NO;
				MTL_FAST_MATH = YES;
				SDKROOT = iphoneos;
				SWIFT_COMPILATION_MODE = wholemodule;
				VALIDATE_PRODUCT = YES;
			};
			name = Release;
		};
		06D07C8E2E13C0C500FD057C /* Debug */ = {
			isa = XCBuildConfiguration;
			buildSettings = {
				BUNDLE_LOADER = "$(TEST_HOST)";
				"CODE_SIGN_IDENTITY[sdk=macosx*]" = "-";
				CODE_SIGN_STYLE = Automatic;
				CURRENT_PROJECT_VERSION = 1;
				DEVELOPMENT_TEAM = V6Z8HNQTJC;
				GENERATE_INFOPLIST_FILE = YES;
				IPHONEOS_DEPLOYMENT_TARGET = 15.6;
				MARKETING_VERSION = 1.0;
				PRODUCT_BUNDLE_IDENTIFIER = com.tcs.com.UserDemoAppTests;
				PRODUCT_NAME = "$(TARGET_NAME)";
				SWIFT_EMIT_LOC_STRINGS = NO;
				SWIFT_VERSION = 5.0;
				TARGETED_DEVICE_FAMILY = "1,2";
				TEST_HOST = "$(BUILT_PRODUCTS_DIR)/UserDemoApp.app/$(BUNDLE_EXECUTABLE_FOLDER_PATH)/UserDemoApp";
			};
			name = Debug;
		};
		06D07C8F2E13C0C500FD057C /* Release */ = {
			isa = XCBuildConfiguration;
			buildSettings = {
				BUNDLE_LOADER = "$(TEST_HOST)";
				"CODE_SIGN_IDENTITY[sdk=macosx*]" = "-";
				CODE_SIGN_STYLE = Automatic;
				CURRENT_PROJECT_VERSION = 1;
				DEVELOPMENT_TEAM = V6Z8HNQTJC;
				GENERATE_INFOPLIST_FILE = YES;
				IPHONEOS_DEPLOYMENT_TARGET = 15.6;
				MARKETING_VERSION = 1.0;
				PRODUCT_BUNDLE_IDENTIFIER = com.tcs.com.UserDemoAppTests;
				PRODUCT_NAME = "$(TARGET_NAME)";
				SWIFT_EMIT_LOC_STRINGS = NO;
				SWIFT_VERSION = 5.0;
				TARGETED_DEVICE_FAMILY = "1,2";
				TEST_HOST = "$(BUILT_PRODUCTS_DIR)/UserDemoApp.app/$(BUNDLE_EXECUTABLE_FOLDER_PATH)/UserDemoApp";
			};
			name = Release;
		};
		06D07C912E13C0C500FD057C /* Debug */ = {
			isa = XCBuildConfiguration;
			buildSettings = {
				CODE_SIGN_STYLE = Automatic;
				CURRENT_PROJECT_VERSION = 1;
				DEVELOPMENT_TEAM = V6Z8HNQTJC;
				GENERATE_INFOPLIST_FILE = YES;
				MARKETING_VERSION = 1.0;
				PRODUCT_BUNDLE_IDENTIFIER = com.tcs.com.UserDemoAppUITests;
				PRODUCT_NAME = "$(TARGET_NAME)";
				SWIFT_EMIT_LOC_STRINGS = NO;
				SWIFT_VERSION = 5.0;
				TARGETED_DEVICE_FAMILY = "1,2";
				TEST_TARGET_NAME = UserDemoApp;
			};
			name = Debug;
		};
		06D07C922E13C0C500FD057C /* Release */ = {
			isa = XCBuildConfiguration;
			buildSettings = {
				CODE_SIGN_STYLE = Automatic;
				CURRENT_PROJECT_VERSION = 1;
				DEVELOPMENT_TEAM = V6Z8HNQTJC;
				GENERATE_INFOPLIST_FILE = YES;
				MARKETING_VERSION = 1.0;
				PRODUCT_BUNDLE_IDENTIFIER = com.tcs.com.UserDemoAppUITests;
				PRODUCT_NAME = "$(TARGET_NAME)";
				SWIFT_EMIT_LOC_STRINGS = NO;
				SWIFT_VERSION = 5.0;
				TARGETED_DEVICE_FAMILY = "1,2";
				TEST_TARGET_NAME = UserDemoApp;
			};
			name = Release;
		};
/* End XCBuildConfiguration section */

/* Begin XCConfigurationList section */
		06D07C5A2E13C0C300FD057C /* Build configuration list for PBXProject "UserDemoApp" */ = {
			isa = XCConfigurationList;
			buildConfigurations = (
				06D07C8B2E13C0C500FD057C /* Debug */,
				06D07C8C2E13C0C500FD057C /* Release */,
			);
			defaultConfigurationIsVisible = 0;
			defaultConfigurationName = Release;
		};
		06D07C882E13C0C500FD057C /* Build configuration list for PBXNativeTarget "UserDemoApp" */ = {
			isa = XCConfigurationList;
			buildConfigurations = (
				06D07C892E13C0C500FD057C /* Debug */,
				06D07C8A2E13C0C500FD057C /* Release */,
			);
			defaultConfigurationIsVisible = 0;
			defaultConfigurationName = Release;
		};
		06D07C8D2E13C0C500FD057C /* Build configuration list for PBXNativeTarget "UserDemoAppTests" */ = {
			isa = XCConfigurationList;
			buildConfigurations = (
				06D07C8E2E13C0C500FD057C /* Debug */,
				06D07C8F2E13C0C500FD057C /* Release */,
			);
			defaultConfigurationIsVisible = 0;
			defaultConfigurationName = Release;
		};
		06D07C902E13C0C500FD057C /* Build configuration list for PBXNativeTarget "UserDemoAppUITests" */ = {
			isa = XCConfigurationList;
			buildConfigurations = (
				06D07C912E13C0C500FD057C /* Debug */,
				06D07C922E13C0C500FD057C /* Release */,
			);
			defaultConfigurationIsVisible = 0;
			defaultConfigurationName = Release;
		};
/* End XCConfigurationList section */
	};
	rootObject = 06D07C572E13C0C300FD057C /* Project object */;
}
